
Microsoft Visual Studio Solution File, Format Version 12.00
# Visual Studio Version 17
VisualStudioVersion = 17.7.34031.279
MinimumVisualStudioVersion = 10.0.40219.1
Project("{9A19103F-16F7-4668-BE54-9A1E7A4F7556}") = "Api", "Api\Api.csproj", "{5B4E1F32-4753-4602-985F-834A07F897FE}"
EndProject
Project("{9A19103F-16F7-4668-BE54-9A1E7A4F7556}") = "Infrastructure", "Infrastructure\Infrastructure.csproj", "{FD7D8CF6-9DA0-438E-A1D1-81F52508E44C}"
EndProject
Project("{9A19103F-16F7-4668-BE54-9A1E7A4F7556}") = "ApplicationCore", "ApplicationCore\ApplicationCore.csproj", "{4DE08B34-51BA-4194-85D0-C38F6A4D2895}"
EndProject
Project("{2150E333-8FDC-42A3-9474-1A3956D46DE8}") = "Solution Items", "Solution Items", "{15F2F73A-ADCB-42B0-AE2F-F73F845D0E2F}"
	ProjectSection(SolutionItems) = preProject
		readme.md = readme.md
	EndProjectSection
EndProject
Project("{9A19103F-16F7-4668-BE54-9A1E7A4F7556}") = "ApplicationCore.Tests", "ApplicationCore.Tests\ApplicationCore.Tests.csproj", "{01980B86-61D6-4283-AA35-FCC73B5B98B9}"
EndProject
Project("{2150E333-8FDC-42A3-9474-1A3956D46DE8}") = "Tests", "Tests", "{F8EBA78E-5E22-4D26-A111-708B1B4F2DB5}"
EndProject
Project("{9A19103F-16F7-4668-BE54-9A1E7A4F7556}") = "TestUtilities", "TestUtilities\TestUtilities.csproj", "{9006CB8E-4DB3-43BE-B7AD-25A4C273A474}"
EndProject
Global
	GlobalSection(SolutionConfigurationPlatforms) = preSolution
		Debug|Any CPU = Debug|Any CPU
		Release|Any CPU = Release|Any CPU
	EndGlobalSection
	GlobalSection(ProjectConfigurationPlatforms) = postSolution
		{5B4E1F32-4753-4602-985F-834A07F897FE}.Debug|Any CPU.ActiveCfg = Debug|Any CPU
		{5B4E1F32-4753-4602-985F-834A07F897FE}.Debug|Any CPU.Build.0 = Debug|Any CPU
		{5B4E1F32-4753-4602-985F-834A07F897FE}.Release|Any CPU.ActiveCfg = Release|Any CPU
		{5B4E1F32-4753-4602-985F-834A07F897FE}.Release|Any CPU.Build.0 = Release|Any CPU
		{FD7D8CF6-9DA0-438E-A1D1-81F52508E44C}.Debug|Any CPU.ActiveCfg = Debug|Any CPU
		{FD7D8CF6-9DA0-438E-A1D1-81F52508E44C}.Debug|Any CPU.Build.0 = Debug|Any CPU
		{FD7D8CF6-9DA0-438E-A1D1-81F52508E44C}.Release|Any CPU.ActiveCfg = Release|Any CPU
		{FD7D8CF6-9DA0-438E-A1D1-81F52508E44C}.Release|Any CPU.Build.0 = Release|Any CPU
		{4DE08B34-51BA-4194-85D0-C38F6A4D2895}.Debug|Any CPU.ActiveCfg = Debug|Any CPU
		{4DE08B34-51BA-4194-85D0-C38F6A4D2895}.Debug|Any CPU.Build.0 = Debug|Any CPU
		{4DE08B34-51BA-4194-85D0-C38F6A4D2895}.Release|Any CPU.ActiveCfg = Release|Any CPU
		{4DE08B34-51BA-4194-85D0-C38F6A4D2895}.Release|Any CPU.Build.0 = Release|Any CPU
		{01980B86-61D6-4283-AA35-FCC73B5B98B9}.Debug|Any CPU.ActiveCfg = Debug|Any CPU
		{01980B86-61D6-4283-AA35-FCC73B5B98B9}.Debug|Any CPU.Build.0 = Debug|Any CPU
		{01980B86-61D6-4283-AA35-FCC73B5B98B9}.Release|Any CPU.ActiveCfg = Release|Any CPU
		{01980B86-61D6-4283-AA35-FCC73B5B98B9}.Release|Any CPU.Build.0 = Release|Any CPU
		{9006CB8E-4DB3-43BE-B7AD-25A4C273A474}.Debug|Any CPU.ActiveCfg = Debug|Any CPU
		{9006CB8E-4DB3-43BE-B7AD-25A4C273A474}.Debug|Any CPU.Build.0 = Debug|Any CPU
		{9006CB8E-4DB3-43BE-B7AD-25A4C273A474}.Release|Any CPU.ActiveCfg = Release|Any CPU
		{9006CB8E-4DB3-43BE-B7AD-25A4C273A474}.Release|Any CPU.Build.0 = Release|Any CPU
	EndGlobalSection
	GlobalSection(SolutionProperties) = preSolution
		HideSolutionNode = FALSE
	EndGlobalSection
	GlobalSection(NestedProjects) = preSolution
		{01980B86-61D6-4283-AA35-FCC73B5B98B9} = {F8EBA78E-5E22-4D26-A111-708B1B4F2DB5}
		{9006CB8E-4DB3-43BE-B7AD-25A4C273A474} = {F8EBA78E-5E22-4D26-A111-708B1B4F2DB5}
	EndGlobalSection
	GlobalSection(ExtensibilityGlobals) = postSolution
		SolutionGuid = {1E2927A6-45E7-47BC-9D94-BC57058E3E2E}
	EndGlobalSection
EndGlobal
