
Microsoft Visual Studio Solution File, Format Version 12.00
# Visual Studio Version 17
VisualStudioVersion = 17.7.34031.279
MinimumVisualStudioVersion = 10.0.40219.1
Project("{FAE04EC0-301F-11D3-BF4B-00C04F79EFBC}") = "Api", "quiz_builder\Api.csproj", "{5B4E1F32-4753-4602-985F-834A07F897FE}"
EndProject
Project("{FAE04EC0-301F-11D3-BF4B-00C04F79EFBC}") = "Infrastructure", "Infrastructure\Infrastructure.csproj", "{FD7D8CF6-9DA0-438E-A1D1-81F52508E44C}"
EndProject
Project("{FAE04EC0-301F-11D3-BF4B-00C04F79EFBC}") = "ApplicationCore", "Domain\ApplicationCore.csproj", "{4DE08B34-51BA-4194-85D0-C38F6A4D2895}"
EndProject
Project("{2150E333-8FDC-42A3-9474-1A3956D46DE8}") = "Solution Items", "Solution Items", "{15F2F73A-ADCB-42B0-AE2F-F73F845D0E2F}"
	ProjectSection(SolutionItems) = preProject
		readme.md = readme.md
	EndProjectSection
EndProject
Global
	GlobalSection(SolutionConfigurationPlatforms) = preSolution
		Debug|Any CPU = Debug|Any CPU
		Release|Any CPU = Release|Any CPU
	EndGlobalSection
	GlobalSection(ProjectConfigurationPlatforms) = postSolution
		{5B4E1F32-4753-4602-985F-834A07F897FE}.Debug|Any CPU.ActiveCfg = Debug|Any CPU
		{5B4E1F32-4753-4602-985F-834A07F897FE}.Debug|Any CPU.Build.0 = Debug|Any CPU
		{5B4E1F32-4753-4602-985F-834A07F897FE}.Release|Any CPU.ActiveCfg = Release|Any CPU
		{5B4E1F32-4753-4602-985F-834A07F897FE}.Release|Any CPU.Build.0 = Release|Any CPU
		{FD7D8CF6-9DA0-438E-A1D1-81F52508E44C}.Debug|Any CPU.ActiveCfg = Debug|Any CPU
		{FD7D8CF6-9DA0-438E-A1D1-81F52508E44C}.Debug|Any CPU.Build.0 = Debug|Any CPU
		{FD7D8CF6-9DA0-438E-A1D1-81F52508E44C}.Release|Any CPU.ActiveCfg = Release|Any CPU
		{FD7D8CF6-9DA0-438E-A1D1-81F52508E44C}.Release|Any CPU.Build.0 = Release|Any CPU
		{4DE08B34-51BA-4194-85D0-C38F6A4D2895}.Debug|Any CPU.ActiveCfg = Debug|Any CPU
		{4DE08B34-51BA-4194-85D0-C38F6A4D2895}.Debug|Any CPU.Build.0 = Debug|Any CPU
		{4DE08B34-51BA-4194-85D0-C38F6A4D2895}.Release|Any CPU.ActiveCfg = Release|Any CPU
		{4DE08B34-51BA-4194-85D0-C38F6A4D2895}.Release|Any CPU.Build.0 = Release|Any CPU
	EndGlobalSection
	GlobalSection(SolutionProperties) = preSolution
		HideSolutionNode = FALSE
	EndGlobalSection
	GlobalSection(ExtensibilityGlobals) = postSolution
		SolutionGuid = {1E2927A6-45E7-47BC-9D94-BC57058E3E2E}
	EndGlobalSection
EndGlobal
